
Microsoft Visual Studio Solution File, Format Version 10.00
# Visual Studio 2008
Project("{6989167D-11E4-40FE-8C1A-2192A86A7E90}") = "sheath_", "sheath_.vfproj", "{3C42C0B9-32B7-468D-89B4-940BF8A022D1}"
EndProject
Global
	GlobalSection(SolutionConfigurationPlatforms) = preSolution
		Debug|Win32 = Debug|Win32
		Release|Win32 = Release|Win32
	EndGlobalSection
	GlobalSection(ProjectConfigurationPlatforms) = postSolution
		{3C42C0B9-32B7-468D-89B4-940BF8A022D1}.Debug|Win32.ActiveCfg = Debug|Win32
		{3C42C0B9-32B7-468D-89B4-940BF8A022D1}.Debug|Win32.Build.0 = Debug|Win32
		{3C42C0B9-32B7-468D-89B4-940BF8A022D1}.Release|Win32.ActiveCfg = Release|Win32
		{3C42C0B9-32B7-468D-89B4-940BF8A022D1}.Release|Win32.Build.0 = Release|Win32
	EndGlobalSection
	GlobalSection(SolutionProperties) = preSolution
		HideSolutionNode = FALSE
	EndGlobalSection
EndGlobal
