<?xml version="1.0" encoding="utf-8"?>
<Project ToolsVersion="4.0" xmlns="http://schemas.microsoft.com/developer/msbuild/2003">
  <ItemGroup>
    <Filter Include="Source Files">
      <UniqueIdentifier>{fe678ebb-388b-474f-bb53-7f0d66e01edf}</UniqueIdentifier>
      <Extensions>cpp;c;cxx;rc;def;r;odl;idl;hpj;bat;f90;for;f;fpp</Extensions>
    </Filter>
    <Filter Include="Header Files">
      <UniqueIdentifier>{5b31e573-edb5-4c64-bd8a-e5aa5ac4b07a}</UniqueIdentifier>
      <Extensions>h;hpp;hxx;hm;inl;fi;fd</Extensions>
    </Filter>
    <Filter Include="Resource Files">
      <UniqueIdentifier>{1e51fd55-38a8-438a-8b0d-f2c3c77ec53d}</UniqueIdentifier>
      <Extensions>ico;cur;bmp;dlg;rc2;rct;bin;rgs;gif;jpg;jpeg;jpe</Extensions>
    </Filter>
  </ItemGroup>
  <ItemGroup>
    <CustomBuild Include="main.f90">
      <Filter>Source Files</Filter>
    </CustomBuild>
    <CustomBuild Include="mod.f90">
      <Filter>Source Files</Filter>
    </CustomBuild>
    <CustomBuild Include="sub_boundary.f90">
      <Filter>Source Files</Filter>
    </CustomBuild>
    <CustomBuild Include="sub_dadi.f90">
      <Filter>Source Files</Filter>
    </CustomBuild>
    <CustomBuild Include="sub_diagnostic.f90">
      <Filter>Source Files</Filter>
    </CustomBuild>
    <CustomBuild Include="sub_dielectric.f90">
      <Filter>Source Files</Filter>
    </CustomBuild>
    <CustomBuild Include="sub_DSMC.f90">
      <Filter>Source Files</Filter>
    </CustomBuild>
    <CustomBuild Include="sub_enter.f90">
      <Filter>Source Files</Filter>
    </CustomBuild>
    <CustomBuild Include="sub_gather.f90">
      <Filter>Source Files</Filter>
    </CustomBuild>
    <CustomBuild Include="sub_gradient.f90">
      <Filter>Source Files</Filter>
    </CustomBuild>
    <CustomBuild Include="sub_initial.f90">
      <Filter>Source Files</Filter>
    </CustomBuild>
    <CustomBuild Include="sub_move.f90">
      <Filter>Source Files</Filter>
    </CustomBuild>
    <CustomBuild Include="sub_output.f90">
      <Filter>Source Files</Filter>
    </CustomBuild>
    <CustomBuild Include="sub_smooth.f90">
      <Filter>Source Files</Filter>
    </CustomBuild>
    <CustomBuild Include="sub_triangle_geometry.f90">
      <Filter>Source Files</Filter>
    </CustomBuild>
    <CustomBuild Include="sub_weighting.f90">
      <Filter>Source Files</Filter>
    </CustomBuild>
  </ItemGroup>
</Project>